// !$*UTF8*$!
{
	archiveVersion = 1;
	classes = {
	};
	objectVersion = 77;
	objects = {

/* Begin PBXContainerItemProxy section */
		86776AFD2CCF10F70041FC3C /* PBXContainerItemProxy */ = {
			isa = PBXContainerItemProxy;
			containerPortal = 86776AE42CCF10F50041FC3C /* Project object */;
			proxyType = 1;
			remoteGlobalIDString = 86776AEB2CCF10F50041FC3C;
			remoteInfo = "wav-app";
		};
		86776B072CCF10F70041FC3C /* PBXContainerItemProxy */ = {
			isa = PBXContainerItemProxy;
			containerPortal = 86776AE42CCF10F50041FC3C /* Project object */;
			proxyType = 1;
			remoteGlobalIDString = 86776AEB2CCF10F50041FC3C;
			remoteInfo = "wav-app";
		};
/* End PBXContainerItemProxy section */

/* Begin PBXFileReference section */
		86776AEC2CCF10F50041FC3C /* wav-app.app */ = {isa = PBXFileReference; explicitFileType = wrapper.application; includeInIndex = 0; path = "wav-app.app"; sourceTree = BUILT_PRODUCTS_DIR; };
		86776AFC2CCF10F70041FC3C /* wav-appTests.xctest */ = {isa = PBXFileReference; explicitFileType = wrapper.cfbundle; includeInIndex = 0; path = "wav-appTests.xctest"; sourceTree = BUILT_PRODUCTS_DIR; };
		86776B062CCF10F70041FC3C /* wav-appUITests.xctest */ = {isa = PBXFileReference; explicitFileType = wrapper.cfbundle; includeInIndex = 0; path = "wav-appUITests.xctest"; sourceTree = BUILT_PRODUCTS_DIR; };
/* End PBXFileReference section */

/* Begin PBXFileSystemSynchronizedBuildFileExceptionSet section */
		30E259EA2D6281DE005862C4 /* Exceptions for "wav-app" folder in "wav-app" target */ = {
			isa = PBXFileSystemSynchronizedBuildFileExceptionSet;
			membershipExceptions = (
				Info.plist,
			);
			target = 86776AEB2CCF10F50041FC3C /* wav-app */;
		};
/* End PBXFileSystemSynchronizedBuildFileExceptionSet section */

/* Begin PBXFileSystemSynchronizedRootGroup section */
		86776AEE2CCF10F50041FC3C /* wav-app */ = {
			isa = PBXFileSystemSynchronizedRootGroup;
			exceptions = (
				30E259EA2D6281DE005862C4 /* Exceptions for "wav-app" folder in "wav-app" target */,
			);
			path = "wav-app";
			sourceTree = "<group>";
		};
		86776AFF2CCF10F70041FC3C /* wav-appTests */ = {
			isa = PBXFileSystemSynchronizedRootGroup;
			path = "wav-appTests";
			sourceTree = "<group>";
		};
		86776B092CCF10F70041FC3C /* wav-appUITests */ = {
			isa = PBXFileSystemSynchronizedRootGroup;
			path = "wav-appUITests";
			sourceTree = "<group>";
		};
/* End PBXFileSystemSynchronizedRootGroup section */

/* Begin PBXFrameworksBuildPhase section */
		86776AE92CCF10F50041FC3C /* Frameworks */ = {
			isa = PBXFrameworksBuildPhase;
			buildActionMask = 2147483647;
			files = (
			);
			runOnlyForDeploymentPostprocessing = 0;
		};
		86776AF92CCF10F70041FC3C /* Frameworks */ = {
			isa = PBXFrameworksBuildPhase;
			buildActionMask = 2147483647;
			files = (
			);
			runOnlyForDeploymentPostprocessing = 0;
		};
		86776B032CCF10F70041FC3C /* Frameworks */ = {
			isa = PBXFrameworksBuildPhase;
			buildActionMask = 2147483647;
			files = (
			);
			runOnlyForDeploymentPostprocessing = 0;
		};
/* End PBXFrameworksBuildPhase section */

/* Begin PBXGroup section */
		86776AE32CCF10F50041FC3C = {
			isa = PBXGroup;
			children = (
				86776AEE2CCF10F50041FC3C /* wav-app */,
				86776AFF2CCF10F70041FC3C /* wav-appTests */,
				86776B092CCF10F70041FC3C /* wav-appUITests */,
				86776AED2CCF10F50041FC3C /* Products */,
			);
			sourceTree = "<group>";
		};
		86776AED2CCF10F50041FC3C /* Products */ = {
			isa = PBXGroup;
			children = (
				86776AEC2CCF10F50041FC3C /* wav-app.app */,
				86776AFC2CCF10F70041FC3C /* wav-appTests.xctest */,
				86776B062CCF10F70041FC3C /* wav-appUITests.xctest */,
			);
			name = Products;
			sourceTree = "<group>";
		};
/* End PBXGroup section */

/* Begin PBXNativeTarget section */
		86776AEB2CCF10F50041FC3C /* wav-app */ = {
			isa = PBXNativeTarget;
			buildConfigurationList = 86776B102CCF10F70041FC3C /* Build configuration list for PBXNativeTarget "wav-app" */;
			buildPhases = (
				86776AE82CCF10F50041FC3C /* Sources */,
				86776AE92CCF10F50041FC3C /* Frameworks */,
				86776AEA2CCF10F50041FC3C /* Resources */,
			);
			buildRules = (
			);
			dependencies = (
			);
			fileSystemSynchronizedGroups = (
				86776AEE2CCF10F50041FC3C /* wav-app */,
			);
			name = "wav-app";
			packageProductDependencies = (
			);
			productName = "wav-app";
			productReference = 86776AEC2CCF10F50041FC3C /* wav-app.app */;
			productType = "com.apple.product-type.application";
		};
		86776AFB2CCF10F70041FC3C /* wav-appTests */ = {
			isa = PBXNativeTarget;
			buildConfigurationList = 86776B132CCF10F70041FC3C /* Build configuration list for PBXNativeTarget "wav-appTests" */;
			buildPhases = (
				86776AF82CCF10F70041FC3C /* Sources */,
				86776AF92CCF10F70041FC3C /* Frameworks */,
				86776AFA2CCF10F70041FC3C /* Resources */,
			);
			buildRules = (
			);
			dependencies = (
				86776AFE2CCF10F70041FC3C /* PBXTargetDependency */,
			);
			fileSystemSynchronizedGroups = (
				86776AFF2CCF10F70041FC3C /* wav-appTests */,
			);
			name = "wav-appTests";
			packageProductDependencies = (
			);
			productName = "wav-appTests";
			productReference = 86776AFC2CCF10F70041FC3C /* wav-appTests.xctest */;
			productType = "com.apple.product-type.bundle.unit-test";
		};
		86776B052CCF10F70041FC3C /* wav-appUITests */ = {
			isa = PBXNativeTarget;
			buildConfigurationList = 86776B162CCF10F70041FC3C /* Build configuration list for PBXNativeTarget "wav-appUITests" */;
			buildPhases = (
				86776B022CCF10F70041FC3C /* Sources */,
				86776B032CCF10F70041FC3C /* Frameworks */,
				86776B042CCF10F70041FC3C /* Resources */,
			);
			buildRules = (
			);
			dependencies = (
				86776B082CCF10F70041FC3C /* PBXTargetDependency */,
			);
			fileSystemSynchronizedGroups = (
				86776B092CCF10F70041FC3C /* wav-appUITests */,
			);
			name = "wav-appUITests";
			packageProductDependencies = (
			);
			productName = "wav-appUITests";
			productReference = 86776B062CCF10F70041FC3C /* wav-appUITests.xctest */;
			productType = "com.apple.product-type.bundle.ui-testing";
		};
/* End PBXNativeTarget section */

/* Begin PBXProject section */
		86776AE42CCF10F50041FC3C /* Project object */ = {
			isa = PBXProject;
			attributes = {
				BuildIndependentTargetsInParallel = 1;
				LastSwiftUpdateCheck = 1600;
				LastUpgradeCheck = 1600;
				TargetAttributes = {
					86776AEB2CCF10F50041FC3C = {
						CreatedOnToolsVersion = 16.0;
					};
					86776AFB2CCF10F70041FC3C = {
						CreatedOnToolsVersion = 16.0;
						TestTargetID = 86776AEB2CCF10F50041FC3C;
					};
					86776B052CCF10F70041FC3C = {
						CreatedOnToolsVersion = 16.0;
						TestTargetID = 86776AEB2CCF10F50041FC3C;
					};
				};
			};
			buildConfigurationList = 86776AE72CCF10F50041FC3C /* Build configuration list for PBXProject "wav-app" */;
			developmentRegion = en;
			hasScannedForEncodings = 0;
			knownRegions = (
				en,
				Base,
			);
			mainGroup = 86776AE32CCF10F50041FC3C;
			minimizedProjectReferenceProxies = 1;
			preferredProjectObjectVersion = 77;
			productRefGroup = 86776AED2CCF10F50041FC3C /* Products */;
			projectDirPath = "";
			projectRoot = "";
			targets = (
				86776AEB2CCF10F50041FC3C /* wav-app */,
				86776AFB2CCF10F70041FC3C /* wav-appTests */,
				86776B052CCF10F70041FC3C /* wav-appUITests */,
			);
		};
/* End PBXProject section */

/* Begin PBXResourcesBuildPhase section */
		86776AEA2CCF10F50041FC3C /* Resources */ = {
			isa = PBXResourcesBuildPhase;
			buildActionMask = 2147483647;
			files = (
			);
			runOnlyForDeploymentPostprocessing = 0;
		};
		86776AFA2CCF10F70041FC3C /* Resources */ = {
			isa = PBXResourcesBuildPhase;
			buildActionMask = 2147483647;
			files = (
			);
			runOnlyForDeploymentPostprocessing = 0;
		};
		86776B042CCF10F70041FC3C /* Resources */ = {
			isa = PBXResourcesBuildPhase;
			buildActionMask = 2147483647;
			files = (
			);
			runOnlyForDeploymentPostprocessing = 0;
		};
/* End PBXResourcesBuildPhase section */

/* Begin PBXSourcesBuildPhase section */
		86776AE82CCF10F50041FC3C /* Sources */ = {
			isa = PBXSourcesBuildPhase;
			buildActionMask = 2147483647;
			files = (
			);
			runOnlyForDeploymentPostprocessing = 0;
		};
		86776AF82CCF10F70041FC3C /* Sources */ = {
			isa = PBXSourcesBuildPhase;
			buildActionMask = 2147483647;
			files = (
			);
			runOnlyForDeploymentPostprocessing = 0;
		};
		86776B022CCF10F70041FC3C /* Sources */ = {
			isa = PBXSourcesBuildPhase;
			buildActionMask = 2147483647;
			files = (
			);
			runOnlyForDeploymentPostprocessing = 0;
		};
/* End PBXSourcesBuildPhase section */

/* Begin PBXTargetDependency section */
		86776AFE2CCF10F70041FC3C /* PBXTargetDependency */ = {
			isa = PBXTargetDependency;
			target = 86776AEB2CCF10F50041FC3C /* wav-app */;
			targetProxy = 86776AFD2CCF10F70041FC3C /* PBXContainerItemProxy */;
		};
		86776B082CCF10F70041FC3C /* PBXTargetDependency */ = {
			isa = PBXTargetDependency;
			target = 86776AEB2CCF10F50041FC3C /* wav-app */;
			targetProxy = 86776B072CCF10F70041FC3C /* PBXContainerItemProxy */;
		};
/* End PBXTargetDependency section */

/* Begin XCBuildConfiguration section */
		86776B0E2CCF10F70041FC3C /* Debug */ = {
			isa = XCBuildConfiguration;
			buildSettings = {
				ALWAYS_SEARCH_USER_PATHS = NO;
				ASSETCATALOG_COMPILER_GENERATE_SWIFT_ASSET_SYMBOL_EXTENSIONS = YES;
				CLANG_ANALYZER_NONNULL = YES;
				CLANG_ANALYZER_NUMBER_OBJECT_CONVERSION = YES_AGGRESSIVE;
				CLANG_CXX_LANGUAGE_STANDARD = "gnu++20";
				CLANG_ENABLE_MODULES = YES;
				CLANG_ENABLE_OBJC_ARC = YES;
				CLANG_ENABLE_OBJC_WEAK = YES;
				CLANG_WARN_BLOCK_CAPTURE_AUTORELEASING = YES;
				CLANG_WARN_BOOL_CONVERSION = YES;
				CLANG_WARN_COMMA = YES;
				CLANG_WARN_CONSTANT_CONVERSION = YES;
				CLANG_WARN_DEPRECATED_OBJC_IMPLEMENTATIONS = YES;
				CLANG_WARN_DIRECT_OBJC_ISA_USAGE = YES_ERROR;
				CLANG_WARN_DOCUMENTATION_COMMENTS = YES;
				CLANG_WARN_EMPTY_BODY = YES;
				CLANG_WARN_ENUM_CONVERSION = YES;
				CLANG_WARN_INFINITE_RECURSION = YES;
				CLANG_WARN_INT_CONVERSION = YES;
				CLANG_WARN_NON_LITERAL_NULL_CONVERSION = YES;
				CLANG_WARN_OBJC_IMPLICIT_RETAIN_SELF = YES;
				CLANG_WARN_OBJC_LITERAL_CONVERSION = YES;
				CLANG_WARN_OBJC_ROOT_CLASS = YES_ERROR;
				CLANG_WARN_QUOTED_INCLUDE_IN_FRAMEWORK_HEADER = YES;
				CLANG_WARN_RANGE_LOOP_ANALYSIS = YES;
				CLANG_WARN_STRICT_PROTOTYPES = YES;
				CLANG_WARN_SUSPICIOUS_MOVE = YES;
				CLANG_WARN_UNGUARDED_AVAILABILITY = YES_AGGRESSIVE;
				CLANG_WARN_UNREACHABLE_CODE = YES;
				CLANG_WARN__DUPLICATE_METHOD_MATCH = YES;
				COPY_PHASE_STRIP = NO;
				DEBUG_INFORMATION_FORMAT = dwarf;
				ENABLE_STRICT_OBJC_MSGSEND = YES;
				ENABLE_TESTABILITY = YES;
				ENABLE_USER_SCRIPT_SANDBOXING = YES;
				GCC_C_LANGUAGE_STANDARD = gnu17;
				GCC_DYNAMIC_NO_PIC = NO;
				GCC_NO_COMMON_BLOCKS = YES;
				GCC_OPTIMIZATION_LEVEL = 0;
				GCC_PREPROCESSOR_DEFINITIONS = (
					"DEBUG=1",
					"$(inherited)",
				);
				GCC_WARN_64_TO_32_BIT_CONVERSION = YES;
				GCC_WARN_ABOUT_RETURN_TYPE = YES_ERROR;
				GCC_WARN_UNDECLARED_SELECTOR = YES;
				GCC_WARN_UNINITIALIZED_AUTOS = YES_AGGRESSIVE;
				GCC_WARN_UNUSED_FUNCTION = YES;
				GCC_WARN_UNUSED_VARIABLE = YES;
				IPHONEOS_DEPLOYMENT_TARGET = 18.0;
				LOCALIZATION_PREFERS_STRING_CATALOGS = YES;
				MTL_ENABLE_DEBUG_INFO = INCLUDE_SOURCE;
				MTL_FAST_MATH = YES;
				ONLY_ACTIVE_ARCH = YES;
				SDKROOT = iphoneos;
				SWIFT_ACTIVE_COMPILATION_CONDITIONS = "DEBUG $(inherited)";
				SWIFT_OPTIMIZATION_LEVEL = "-Onone";
			};
			name = Debug;
		};
		86776B0F2CCF10F70041FC3C /* Release */ = {
			isa = XCBuildConfiguration;
			buildSettings = {
				ALWAYS_SEARCH_USER_PATHS = NO;
				ASSETCATALOG_COMPILER_GENERATE_SWIFT_ASSET_SYMBOL_EXTENSIONS = YES;
				CLANG_ANALYZER_NONNULL = YES;
				CLANG_ANALYZER_NUMBER_OBJECT_CONVERSION = YES_AGGRESSIVE;
				CLANG_CXX_LANGUAGE_STANDARD = "gnu++20";
				CLANG_ENABLE_MODULES = YES;
				CLANG_ENABLE_OBJC_ARC = YES;
				CLANG_ENABLE_OBJC_WEAK = YES;
				CLANG_WARN_BLOCK_CAPTURE_AUTORELEASING = YES;
				CLANG_WARN_BOOL_CONVERSION = YES;
				CLANG_WARN_COMMA = YES;
				CLANG_WARN_CONSTANT_CONVERSION = YES;
				CLANG_WARN_DEPRECATED_OBJC_IMPLEMENTATIONS = YES;
				CLANG_WARN_DIRECT_OBJC_ISA_USAGE = YES_ERROR;
				CLANG_WARN_DOCUMENTATION_COMMENTS = YES;
				CLANG_WARN_EMPTY_BODY = YES;
				CLANG_WARN_ENUM_CONVERSION = YES;
				CLANG_WARN_INFINITE_RECURSION = YES;
				CLANG_WARN_INT_CONVERSION = YES;
				CLANG_WARN_NON_LITERAL_NULL_CONVERSION = YES;
				CLANG_WARN_OBJC_IMPLICIT_RETAIN_SELF = YES;
				CLANG_WARN_OBJC_LITERAL_CONVERSION = YES;
				CLANG_WARN_OBJC_ROOT_CLASS = YES_ERROR;
				CLANG_WARN_QUOTED_INCLUDE_IN_FRAMEWORK_HEADER = YES;
				CLANG_WARN_RANGE_LOOP_ANALYSIS = YES;
				CLANG_WARN_STRICT_PROTOTYPES = YES;
				CLANG_WARN_SUSPICIOUS_MOVE = YES;
				CLANG_WARN_UNGUARDED_AVAILABILITY = YES_AGGRESSIVE;
				CLANG_WARN_UNREACHABLE_CODE = YES;
				CLANG_WARN__DUPLICATE_METHOD_MATCH = YES;
				COPY_PHASE_STRIP = NO;
				DEBUG_INFORMATION_FORMAT = "dwarf-with-dsym";
				ENABLE_NS_ASSERTIONS = NO;
				ENABLE_STRICT_OBJC_MSGSEND = YES;
				ENABLE_USER_SCRIPT_SANDBOXING = YES;
				GCC_C_LANGUAGE_STANDARD = gnu17;
				GCC_NO_COMMON_BLOCKS = YES;
				GCC_WARN_64_TO_32_BIT_CONVERSION = YES;
				GCC_WARN_ABOUT_RETURN_TYPE = YES_ERROR;
				GCC_WARN_UNDECLARED_SELECTOR = YES;
				GCC_WARN_UNINITIALIZED_AUTOS = YES_AGGRESSIVE;
				GCC_WARN_UNUSED_FUNCTION = YES;
				GCC_WARN_UNUSED_VARIABLE = YES;
				IPHONEOS_DEPLOYMENT_TARGET = 18.0;
				LOCALIZATION_PREFERS_STRING_CATALOGS = YES;
				MTL_ENABLE_DEBUG_INFO = NO;
				MTL_FAST_MATH = YES;
				SDKROOT = iphoneos;
				SWIFT_COMPILATION_MODE = wholemodule;
				VALIDATE_PRODUCT = YES;
			};
			name = Release;
		};
		86776B112CCF10F70041FC3C /* Debug */ = {
			isa = XCBuildConfiguration;
			buildSettings = {
				ASSETCATALOG_COMPILER_APPICON_NAME = AppIcon;
				ASSETCATALOG_COMPILER_GLOBAL_ACCENT_COLOR_NAME = AccentColor;
				CODE_SIGN_STYLE = Automatic;
				CURRENT_PROJECT_VERSION = 1;
				DEVELOPMENT_ASSET_PATHS = "\"wav-app/Preview Content\"";
				DEVELOPMENT_TEAM = 6B7AZRT9V4;
				ENABLE_PREVIEWS = YES;
				GENERATE_INFOPLIST_FILE = YES;
				INFOPLIST_FILE = "wav-app/Info.plist";
				INFOPLIST_KEY_NSCalendarsUsageDescription = "We need access to your calendar to retrieve events.";
				INFOPLIST_KEY_UIApplicationSceneManifest_Generation = YES;
				INFOPLIST_KEY_UIApplicationSupportsIndirectInputEvents = YES;
				INFOPLIST_KEY_UILaunchScreen_Generation = YES;
				INFOPLIST_KEY_UISupportedInterfaceOrientations_iPad = "UIInterfaceOrientationPortrait UIInterfaceOrientationPortraitUpsideDown UIInterfaceOrientationLandscapeLeft UIInterfaceOrientationLandscapeRight";
				INFOPLIST_KEY_UISupportedInterfaceOrientations_iPhone = "UIInterfaceOrientationPortrait UIInterfaceOrientationLandscapeLeft UIInterfaceOrientationLandscapeRight";
				LD_RUNPATH_SEARCH_PATHS = (
					"$(inherited)",
					"@executable_path/Frameworks",
				);
				MARKETING_VERSION = 1.0;
				PRODUCT_BUNDLE_IDENTIFIER = "dartmouthcs98.wav-app";
				PRODUCT_NAME = "$(TARGET_NAME)";
				SWIFT_EMIT_LOC_STRINGS = YES;
				SWIFT_VERSION = 5.0;
				TARGETED_DEVICE_FAMILY = "1,2";
			};
			name = Debug;
		};
		86776B122CCF10F70041FC3C /* Release */ = {
			isa = XCBuildConfiguration;
			buildSettings = {
				ASSETCATALOG_COMPILER_APPICON_NAME = AppIcon;
				ASSETCATALOG_COMPILER_GLOBAL_ACCENT_COLOR_NAME = AccentColor;
				CODE_SIGN_STYLE = Automatic;
				CURRENT_PROJECT_VERSION = 1;
				DEVELOPMENT_ASSET_PATHS = "\"wav-app/Preview Content\"";
				DEVELOPMENT_TEAM = 6B7AZRT9V4;
				ENABLE_PREVIEWS = YES;
				GENERATE_INFOPLIST_FILE = YES;
				INFOPLIST_FILE = "wav-app/Info.plist";
				INFOPLIST_KEY_NSCalendarsUsageDescription = "We need access to your calendar to retrieve events.";
				INFOPLIST_KEY_UIApplicationSceneManifest_Generation = YES;
				INFOPLIST_KEY_UIApplicationSupportsIndirectInputEvents = YES;
				INFOPLIST_KEY_UILaunchScreen_Generation = YES;
				INFOPLIST_KEY_UISupportedInterfaceOrientations_iPad = "UIInterfaceOrientationPortrait UIInterfaceOrientationPortraitUpsideDown UIInterfaceOrientationLandscapeLeft UIInterfaceOrientationLandscapeRight";
				INFOPLIST_KEY_UISupportedInterfaceOrientations_iPhone = "UIInterfaceOrientationPortrait UIInterfaceOrientationLandscapeLeft UIInterfaceOrientationLandscapeRight";
				LD_RUNPATH_SEARCH_PATHS = (
					"$(inherited)",
					"@executable_path/Frameworks",
				);
				MARKETING_VERSION = 1.0;
				PRODUCT_BUNDLE_IDENTIFIER = "dartmouthcs98.wav-app";
				PRODUCT_NAME = "$(TARGET_NAME)";
				SWIFT_EMIT_LOC_STRINGS = YES;
				SWIFT_VERSION = 5.0;
				TARGETED_DEVICE_FAMILY = "1,2";
			};
			name = Release;
		};
		86776B142CCF10F70041FC3C /* Debug */ = {
			isa = XCBuildConfiguration;
			buildSettings = {
				BUNDLE_LOADER = "$(TEST_HOST)";
				CODE_SIGN_STYLE = Automatic;
				CURRENT_PROJECT_VERSION = 1;
				GENERATE_INFOPLIST_FILE = YES;
				IPHONEOS_DEPLOYMENT_TARGET = 18.0;
				MARKETING_VERSION = 1.0;
				PRODUCT_BUNDLE_IDENTIFIER = "dartmouthcs98.wav-appTests";
				PRODUCT_NAME = "$(TARGET_NAME)";
				SWIFT_EMIT_LOC_STRINGS = NO;
				SWIFT_VERSION = 5.0;
				TARGETED_DEVICE_FAMILY = "1,2";
				TEST_HOST = "$(BUILT_PRODUCTS_DIR)/wav-app.app/$(BUNDLE_EXECUTABLE_FOLDER_PATH)/wav-app";
			};
			name = Debug;
		};
		86776B152CCF10F70041FC3C /* Release */ = {
			isa = XCBuildConfiguration;
			buildSettings = {
				BUNDLE_LOADER = "$(TEST_HOST)";
				CODE_SIGN_STYLE = Automatic;
				CURRENT_PROJECT_VERSION = 1;
				GENERATE_INFOPLIST_FILE = YES;
				IPHONEOS_DEPLOYMENT_TARGET = 18.0;
				MARKETING_VERSION = 1.0;
				PRODUCT_BUNDLE_IDENTIFIER = "dartmouthcs98.wav-appTests";
				PRODUCT_NAME = "$(TARGET_NAME)";
				SWIFT_EMIT_LOC_STRINGS = NO;
				SWIFT_VERSION = 5.0;
				TARGETED_DEVICE_FAMILY = "1,2";
				TEST_HOST = "$(BUILT_PRODUCTS_DIR)/wav-app.app/$(BUNDLE_EXECUTABLE_FOLDER_PATH)/wav-app";
			};
			name = Release;
		};
		86776B172CCF10F70041FC3C /* Debug */ = {
			isa = XCBuildConfiguration;
			buildSettings = {
				CODE_SIGN_STYLE = Automatic;
				CURRENT_PROJECT_VERSION = 1;
				GENERATE_INFOPLIST_FILE = YES;
				MARKETING_VERSION = 1.0;
				PRODUCT_BUNDLE_IDENTIFIER = "dartmouthcs98.wav-appUITests";
				PRODUCT_NAME = "$(TARGET_NAME)";
				SWIFT_EMIT_LOC_STRINGS = NO;
				SWIFT_VERSION = 5.0;
				TARGETED_DEVICE_FAMILY = "1,2";
				TEST_TARGET_NAME = "wav-app";
			};
			name = Debug;
		};
		86776B182CCF10F70041FC3C /* Release */ = {
			isa = XCBuildConfiguration;
			buildSettings = {
				CODE_SIGN_STYLE = Automatic;
				CURRENT_PROJECT_VERSION = 1;
				GENERATE_INFOPLIST_FILE = YES;
				MARKETING_VERSION = 1.0;
				PRODUCT_BUNDLE_IDENTIFIER = "dartmouthcs98.wav-appUITests";
				PRODUCT_NAME = "$(TARGET_NAME)";
				SWIFT_EMIT_LOC_STRINGS = NO;
				SWIFT_VERSION = 5.0;
				TARGETED_DEVICE_FAMILY = "1,2";
				TEST_TARGET_NAME = "wav-app";
			};
			name = Release;
		};
/* End XCBuildConfiguration section */

/* Begin XCConfigurationList section */
		86776AE72CCF10F50041FC3C /* Build configuration list for PBXProject "wav-app" */ = {
			isa = XCConfigurationList;
			buildConfigurations = (
				86776B0E2CCF10F70041FC3C /* Debug */,
				86776B0F2CCF10F70041FC3C /* Release */,
			);
			defaultConfigurationIsVisible = 0;
			defaultConfigurationName = Release;
		};
		86776B102CCF10F70041FC3C /* Build configuration list for PBXNativeTarget "wav-app" */ = {
			isa = XCConfigurationList;
			buildConfigurations = (
				86776B112CCF10F70041FC3C /* Debug */,
				86776B122CCF10F70041FC3C /* Release */,
			);
			defaultConfigurationIsVisible = 0;
			defaultConfigurationName = Release;
		};
		86776B132CCF10F70041FC3C /* Build configuration list for PBXNativeTarget "wav-appTests" */ = {
			isa = XCConfigurationList;
			buildConfigurations = (
				86776B142CCF10F70041FC3C /* Debug */,
				86776B152CCF10F70041FC3C /* Release */,
			);
			defaultConfigurationIsVisible = 0;
			defaultConfigurationName = Release;
		};
		86776B162CCF10F70041FC3C /* Build configuration list for PBXNativeTarget "wav-appUITests" */ = {
			isa = XCConfigurationList;
			buildConfigurations = (
				86776B172CCF10F70041FC3C /* Debug */,
				86776B182CCF10F70041FC3C /* Release */,
			);
			defaultConfigurationIsVisible = 0;
			defaultConfigurationName = Release;
		};
/* End XCConfigurationList section */
	};
	rootObject = 86776AE42CCF10F50041FC3C /* Project object */;
}
